
Microsoft Visual Studio Solution File, Format Version 12.00
# Visual Studio Version 17
VisualStudioVersion = 17.13.35931.197 d17.13
MinimumVisualStudioVersion = 10.0.40219.1
Project("{FAE04EC0-301F-11D3-BF4B-00C04F79EFBC}") = "Product_List", "Product_List\Product_List.csproj", "{C1481006-B6D3-4332-AB49-D9587D31745D}"
EndProject
Global
	GlobalSection(SolutionConfigurationPlatforms) = preSolution
		Debug|Any CPU = Debug|Any CPU
		Release|Any CPU = Release|Any CPU
	EndGlobalSection
	GlobalSection(ProjectConfigurationPlatforms) = postSolution
		{C1481006-B6D3-4332-AB49-D9587D31745D}.Debug|Any CPU.ActiveCfg = Debug|Any CPU
		{C1481006-B6D3-4332-AB49-D9587D31745D}.Debug|Any CPU.Build.0 = Debug|Any CPU
		{C1481006-B6D3-4332-AB49-D9587D31745D}.Release|Any CPU.ActiveCfg = Release|Any CPU
		{C1481006-B6D3-4332-AB49-D9587D31745D}.Release|Any CPU.Build.0 = Release|Any CPU
	EndGlobalSection
	GlobalSection(SolutionProperties) = preSolution
		HideSolutionNode = FALSE
	EndGlobalSection
	GlobalSection(ExtensibilityGlobals) = postSolution
		SolutionGuid = {255B13F6-2F46-4BBD-9593-D198E31299CD}
	EndGlobalSection
EndGlobal
