
Microsoft Visual Studio Solution File, Format Version 12.00
# Visual Studio Version 17
VisualStudioVersion = 17.13.35931.197 d17.13
MinimumVisualStudioVersion = 10.0.40219.1
Project("{FAE04EC0-301F-11D3-BF4B-00C04F79EFBC}") = "Min_Max_Finder", "Min_Max_Finder\Min_Max_Finder.csproj", "{CE8C6C46-F6D2-4AE2-B842-285FBA92D382}"
EndProject
Project("{FAE04EC0-301F-11D3-BF4B-00C04F79EFBC}") = "GradeCalculator", "GradeCalculator\GradeCalculator.csproj", "{395CE8E8-4F83-48D3-AC4B-87FA3D95635B}"
EndProject
Project("{FAE04EC0-301F-11D3-BF4B-00C04F79EFBC}") = "Midterm&Final_Calculator", "Midterm&Final_Calculator\Midterm&Final_Calculator.csproj", "{6A8FFAF2-AA13-4AE7-97D7-A83AE98DF675}"
EndProject
Project("{FAE04EC0-301F-11D3-BF4B-00C04F79EFBC}") = "Perimeter_Calculator", "Perimeter_Calculator\Perimeter_Calculator.csproj", "{C16BFBEA-F33D-45C2-9029-B6EFF03F02D8}"
EndProject
Global
	GlobalSection(SolutionConfigurationPlatforms) = preSolution
		Debug|Any CPU = Debug|Any CPU
		Release|Any CPU = Release|Any CPU
	EndGlobalSection
	GlobalSection(ProjectConfigurationPlatforms) = postSolution
		{CE8C6C46-F6D2-4AE2-B842-285FBA92D382}.Debug|Any CPU.ActiveCfg = Debug|Any CPU
		{CE8C6C46-F6D2-4AE2-B842-285FBA92D382}.Debug|Any CPU.Build.0 = Debug|Any CPU
		{CE8C6C46-F6D2-4AE2-B842-285FBA92D382}.Release|Any CPU.ActiveCfg = Release|Any CPU
		{CE8C6C46-F6D2-4AE2-B842-285FBA92D382}.Release|Any CPU.Build.0 = Release|Any CPU
		{395CE8E8-4F83-48D3-AC4B-87FA3D95635B}.Debug|Any CPU.ActiveCfg = Debug|Any CPU
		{395CE8E8-4F83-48D3-AC4B-87FA3D95635B}.Debug|Any CPU.Build.0 = Debug|Any CPU
		{395CE8E8-4F83-48D3-AC4B-87FA3D95635B}.Release|Any CPU.ActiveCfg = Release|Any CPU
		{395CE8E8-4F83-48D3-AC4B-87FA3D95635B}.Release|Any CPU.Build.0 = Release|Any CPU
		{6A8FFAF2-AA13-4AE7-97D7-A83AE98DF675}.Debug|Any CPU.ActiveCfg = Debug|Any CPU
		{6A8FFAF2-AA13-4AE7-97D7-A83AE98DF675}.Debug|Any CPU.Build.0 = Debug|Any CPU
		{6A8FFAF2-AA13-4AE7-97D7-A83AE98DF675}.Release|Any CPU.ActiveCfg = Release|Any CPU
		{6A8FFAF2-AA13-4AE7-97D7-A83AE98DF675}.Release|Any CPU.Build.0 = Release|Any CPU
		{C16BFBEA-F33D-45C2-9029-B6EFF03F02D8}.Debug|Any CPU.ActiveCfg = Debug|Any CPU
		{C16BFBEA-F33D-45C2-9029-B6EFF03F02D8}.Debug|Any CPU.Build.0 = Debug|Any CPU
		{C16BFBEA-F33D-45C2-9029-B6EFF03F02D8}.Release|Any CPU.ActiveCfg = Release|Any CPU
		{C16BFBEA-F33D-45C2-9029-B6EFF03F02D8}.Release|Any CPU.Build.0 = Release|Any CPU
	EndGlobalSection
	GlobalSection(SolutionProperties) = preSolution
		HideSolutionNode = FALSE
	EndGlobalSection
	GlobalSection(ExtensibilityGlobals) = postSolution
		SolutionGuid = {601BF027-8359-42ED-8FB7-3D05D8F2E228}
	EndGlobalSection
EndGlobal
