
Microsoft Visual Studio Solution File, Format Version 12.00
# Visual Studio Version 17
VisualStudioVersion = 17.13.35931.197 d17.13
MinimumVisualStudioVersion = 10.0.40219.1
Project("{FAE04EC0-301F-11D3-BF4B-00C04F79EFBC}") = "Phone_Contact", "Phone_Contact\Phone_Contact.csproj", "{3EDEEAF6-C20C-4E8C-9D23-4BF10E1DCCE9}"
EndProject
Global
	GlobalSection(SolutionConfigurationPlatforms) = preSolution
		Debug|Any CPU = Debug|Any CPU
		Release|Any CPU = Release|Any CPU
	EndGlobalSection
	GlobalSection(ProjectConfigurationPlatforms) = postSolution
		{3EDEEAF6-C20C-4E8C-9D23-4BF10E1DCCE9}.Debug|Any CPU.ActiveCfg = Debug|Any CPU
		{3EDEEAF6-C20C-4E8C-9D23-4BF10E1DCCE9}.Debug|Any CPU.Build.0 = Debug|Any CPU
		{3EDEEAF6-C20C-4E8C-9D23-4BF10E1DCCE9}.Release|Any CPU.ActiveCfg = Release|Any CPU
		{3EDEEAF6-C20C-4E8C-9D23-4BF10E1DCCE9}.Release|Any CPU.Build.0 = Release|Any CPU
	EndGlobalSection
	GlobalSection(SolutionProperties) = preSolution
		HideSolutionNode = FALSE
	EndGlobalSection
	GlobalSection(ExtensibilityGlobals) = postSolution
		SolutionGuid = {F502785E-2997-4CF5-A0A8-872D20295750}
	EndGlobalSection
EndGlobal
